
Microsoft Visual Studio Solution File, Format Version 12.00
# Visual Studio Version 17
VisualStudioVersion = 17.6.33829.357
MinimumVisualStudioVersion = 10.0.40219.1
Project("{FAE04EC0-301F-11D3-BF4B-00C04F79EFBC}") = "SalesWebMVC", "SalesWebMVC\SalesWebMVC.csproj", "{957FCA2A-FF6B-4947-B9FD-A69677A933C8}"
EndProject
Global
	GlobalSection(SolutionConfigurationPlatforms) = preSolution
		Debug|Any CPU = Debug|Any CPU
		Release|Any CPU = Release|Any CPU
	EndGlobalSection
	GlobalSection(ProjectConfigurationPlatforms) = postSolution
		{957FCA2A-FF6B-4947-B9FD-A69677A933C8}.Debug|Any CPU.ActiveCfg = Debug|Any CPU
		{957FCA2A-FF6B-4947-B9FD-A69677A933C8}.Debug|Any CPU.Build.0 = Debug|Any CPU
		{957FCA2A-FF6B-4947-B9FD-A69677A933C8}.Release|Any CPU.ActiveCfg = Release|Any CPU
		{957FCA2A-FF6B-4947-B9FD-A69677A933C8}.Release|Any CPU.Build.0 = Release|Any CPU
	EndGlobalSection
	GlobalSection(SolutionProperties) = preSolution
		HideSolutionNode = FALSE
	EndGlobalSection
	GlobalSection(ExtensibilityGlobals) = postSolution
		SolutionGuid = {3968299B-AD5A-47C2-8684-43DB7F618568}
	EndGlobalSection
EndGlobal
